// !$*UTF8*$!
{
	archiveVersion = 1;
	classes = {
	};
	objectVersion = 56;
	objects = {

/* Begin PBXBuildFile section */
		5A410D482A7B452F0083D3E4 /* DelegateViewController.m in Sources */ = {isa = PBXBuildFile; fileRef = 5A410D472A7B452F0083D3E4 /* DelegateViewController.m */; };
		5A410D4E2A7B45A20083D3E4 /* ProxyViewController.m in Sources */ = {isa = PBXBuildFile; fileRef = 5A410D4D2A7B45A20083D3E4 /* ProxyViewController.m */; };
		5A69B4942A79E73F008B24B0 /* AppDelegate.m in Sources */ = {isa = PBXBuildFile; fileRef = 5A69B4932A79E73F008B24B0 /* AppDelegate.m */; };
		5A69B4972A79E73F008B24B0 /* SceneDelegate.m in Sources */ = {isa = PBXBuildFile; fileRef = 5A69B4962A79E73F008B24B0 /* SceneDelegate.m */; };
		5A69B49A2A79E73F008B24B0 /* ViewController.m in Sources */ = {isa = PBXBuildFile; fileRef = 5A69B4992A79E73F008B24B0 /* ViewController.m */; };
		5A69B49D2A79E73F008B24B0 /* Main.storyboard in Resources */ = {isa = PBXBuildFile; fileRef = 5A69B49B2A79E73F008B24B0 /* Main.storyboard */; };
		5A69B4A02A79E73F008B24B0 /* designMode.xcdatamodeld in Sources */ = {isa = PBXBuildFile; fileRef = 5A69B49E2A79E73F008B24B0 /* designMode.xcdatamodeld */; };
		5A69B4A22A79E740008B24B0 /* Assets.xcassets in Resources */ = {isa = PBXBuildFile; fileRef = 5A69B4A12A79E740008B24B0 /* Assets.xcassets */; };
		5A69B4A52A79E741008B24B0 /* LaunchScreen.storyboard in Resources */ = {isa = PBXBuildFile; fileRef = 5A69B4A32A79E741008B24B0 /* LaunchScreen.storyboard */; };
		5A69B4A82A79E741008B24B0 /* main.m in Sources */ = {isa = PBXBuildFile; fileRef = 5A69B4A72A79E741008B24B0 /* main.m */; };
		5A69B4B22A79E741008B24B0 /* designModeTests.m in Sources */ = {isa = PBXBuildFile; fileRef = 5A69B4B12A79E741008B24B0 /* designModeTests.m */; };
		5A69B4BC2A79E741008B24B0 /* designModeUITests.m in Sources */ = {isa = PBXBuildFile; fileRef = 5A69B4BB2A79E741008B24B0 /* designModeUITests.m */; };
		5A69B4BE2A79E741008B24B0 /* designModeUITestsLaunchTests.m in Sources */ = {isa = PBXBuildFile; fileRef = 5A69B4BD2A79E741008B24B0 /* designModeUITestsLaunchTests.m */; };
		5A69B4CC2A79EDE3008B24B0 /* Singlent.m in Sources */ = {isa = PBXBuildFile; fileRef = 5A69B4CB2A79EDE3008B24B0 /* Singlent.m */; };
		5A69B4CF2A7A487F008B24B0 /* Notification.m in Sources */ = {isa = PBXBuildFile; fileRef = 5A69B4CE2A7A487F008B24B0 /* Notification.m */; };
		5A69B4D22A7A4E08008B24B0 /* NotificationViewController.m in Sources */ = {isa = PBXBuildFile; fileRef = 5A69B4D12A7A4E08008B24B0 /* NotificationViewController.m */; };
/* End PBXBuildFile section */

/* Begin PBXContainerItemProxy section */
		5A69B4AE2A79E741008B24B0 /* PBXContainerItemProxy */ = {
			isa = PBXContainerItemProxy;
			containerPortal = 5A69B4872A79E73F008B24B0 /* Project object */;
			proxyType = 1;
			remoteGlobalIDString = 5A69B48E2A79E73F008B24B0;
			remoteInfo = designMode;
		};
		5A69B4B82A79E741008B24B0 /* PBXContainerItemProxy */ = {
			isa = PBXContainerItemProxy;
			containerPortal = 5A69B4872A79E73F008B24B0 /* Project object */;
			proxyType = 1;
			remoteGlobalIDString = 5A69B48E2A79E73F008B24B0;
			remoteInfo = designMode;
		};
/* End PBXContainerItemProxy section */

/* Begin PBXFileReference section */
		5A410D462A7B452F0083D3E4 /* DelegateViewController.h */ = {isa = PBXFileReference; lastKnownFileType = sourcecode.c.h; path = DelegateViewController.h; sourceTree = "<group>"; };
		5A410D472A7B452F0083D3E4 /* DelegateViewController.m */ = {isa = PBXFileReference; lastKnownFileType = sourcecode.c.objc; path = DelegateViewController.m; sourceTree = "<group>"; };
		5A410D4C2A7B45A20083D3E4 /* ProxyViewController.h */ = {isa = PBXFileReference; lastKnownFileType = sourcecode.c.h; path = ProxyViewController.h; sourceTree = "<group>"; };
		5A410D4D2A7B45A20083D3E4 /* ProxyViewController.m */ = {isa = PBXFileReference; lastKnownFileType = sourcecode.c.objc; path = ProxyViewController.m; sourceTree = "<group>"; };
		5A69B48F2A79E73F008B24B0 /* designMode.app */ = {isa = PBXFileReference; explicitFileType = wrapper.application; includeInIndex = 0; path = designMode.app; sourceTree = BUILT_PRODUCTS_DIR; };
		5A69B4922A79E73F008B24B0 /* AppDelegate.h */ = {isa = PBXFileReference; lastKnownFileType = sourcecode.c.h; path = AppDelegate.h; sourceTree = "<group>"; };
		5A69B4932A79E73F008B24B0 /* AppDelegate.m */ = {isa = PBXFileReference; lastKnownFileType = sourcecode.c.objc; path = AppDelegate.m; sourceTree = "<group>"; };
		5A69B4952A79E73F008B24B0 /* SceneDelegate.h */ = {isa = PBXFileReference; lastKnownFileType = sourcecode.c.h; path = SceneDelegate.h; sourceTree = "<group>"; };
		5A69B4962A79E73F008B24B0 /* SceneDelegate.m */ = {isa = PBXFileReference; lastKnownFileType = sourcecode.c.objc; path = SceneDelegate.m; sourceTree = "<group>"; };
		5A69B4982A79E73F008B24B0 /* ViewController.h */ = {isa = PBXFileReference; lastKnownFileType = sourcecode.c.h; path = ViewController.h; sourceTree = "<group>"; };
		5A69B4992A79E73F008B24B0 /* ViewController.m */ = {isa = PBXFileReference; lastKnownFileType = sourcecode.c.objc; path = ViewController.m; sourceTree = "<group>"; };
		5A69B49C2A79E73F008B24B0 /* Base */ = {isa = PBXFileReference; lastKnownFileType = file.storyboard; name = Base; path = Base.lproj/Main.storyboard; sourceTree = "<group>"; };
		5A69B49F2A79E73F008B24B0 /* designMode.xcdatamodel */ = {isa = PBXFileReference; lastKnownFileType = wrapper.xcdatamodel; path = designMode.xcdatamodel; sourceTree = "<group>"; };
		5A69B4A12A79E740008B24B0 /* Assets.xcassets */ = {isa = PBXFileReference; lastKnownFileType = folder.assetcatalog; path = Assets.xcassets; sourceTree = "<group>"; };
		5A69B4A42A79E741008B24B0 /* Base */ = {isa = PBXFileReference; lastKnownFileType = file.storyboard; name = Base; path = Base.lproj/LaunchScreen.storyboard; sourceTree = "<group>"; };
		5A69B4A62A79E741008B24B0 /* Info.plist */ = {isa = PBXFileReference; lastKnownFileType = text.plist.xml; path = Info.plist; sourceTree = "<group>"; };
		5A69B4A72A79E741008B24B0 /* main.m */ = {isa = PBXFileReference; lastKnownFileType = sourcecode.c.objc; path = main.m; sourceTree = "<group>"; };
		5A69B4AD2A79E741008B24B0 /* designModeTests.xctest */ = {isa = PBXFileReference; explicitFileType = wrapper.cfbundle; includeInIndex = 0; path = designModeTests.xctest; sourceTree = BUILT_PRODUCTS_DIR; };
		5A69B4B12A79E741008B24B0 /* designModeTests.m */ = {isa = PBXFileReference; lastKnownFileType = sourcecode.c.objc; path = designModeTests.m; sourceTree = "<group>"; };
		5A69B4B72A79E741008B24B0 /* designModeUITests.xctest */ = {isa = PBXFileReference; explicitFileType = wrapper.cfbundle; includeInIndex = 0; path = designModeUITests.xctest; sourceTree = BUILT_PRODUCTS_DIR; };
		5A69B4BB2A79E741008B24B0 /* designModeUITests.m */ = {isa = PBXFileReference; lastKnownFileType = sourcecode.c.objc; path = designModeUITests.m; sourceTree = "<group>"; };
		5A69B4BD2A79E741008B24B0 /* designModeUITestsLaunchTests.m */ = {isa = PBXFileReference; lastKnownFileType = sourcecode.c.objc; path = designModeUITestsLaunchTests.m; sourceTree = "<group>"; };
		5A69B4CA2A79EDE3008B24B0 /* Singlent.h */ = {isa = PBXFileReference; lastKnownFileType = sourcecode.c.h; path = Singlent.h; sourceTree = "<group>"; };
		5A69B4CB2A79EDE3008B24B0 /* Singlent.m */ = {isa = PBXFileReference; lastKnownFileType = sourcecode.c.objc; path = Singlent.m; sourceTree = "<group>"; };
		5A69B4CD2A7A487F008B24B0 /* Notification.h */ = {isa = PBXFileReference; lastKnownFileType = sourcecode.c.h; path = Notification.h; sourceTree = "<group>"; };
		5A69B4CE2A7A487F008B24B0 /* Notification.m */ = {isa = PBXFileReference; lastKnownFileType = sourcecode.c.objc; path = Notification.m; sourceTree = "<group>"; };
		5A69B4D02A7A4E08008B24B0 /* NotificationViewController.h */ = {isa = PBXFileReference; lastKnownFileType = sourcecode.c.h; path = NotificationViewController.h; sourceTree = "<group>"; };
		5A69B4D12A7A4E08008B24B0 /* NotificationViewController.m */ = {isa = PBXFileReference; lastKnownFileType = sourcecode.c.objc; path = NotificationViewController.m; sourceTree = "<group>"; };
/* End PBXFileReference section */

/* Begin PBXFrameworksBuildPhase section */
		5A69B48C2A79E73F008B24B0 /* Frameworks */ = {
			isa = PBXFrameworksBuildPhase;
			buildActionMask = 2147483647;
			files = (
			);
			runOnlyForDeploymentPostprocessing = 0;
		};
		5A69B4AA2A79E741008B24B0 /* Frameworks */ = {
			isa = PBXFrameworksBuildPhase;
			buildActionMask = 2147483647;
			files = (
			);
			runOnlyForDeploymentPostprocessing = 0;
		};
		5A69B4B42A79E741008B24B0 /* Frameworks */ = {
			isa = PBXFrameworksBuildPhase;
			buildActionMask = 2147483647;
			files = (
			);
			runOnlyForDeploymentPostprocessing = 0;
		};
/* End PBXFrameworksBuildPhase section */

/* Begin PBXGroup section */
		5A69B4862A79E73F008B24B0 = {
			isa = PBXGroup;
			children = (
				5A69B4912A79E73F008B24B0 /* designMode */,
				5A69B4B02A79E741008B24B0 /* designModeTests */,
				5A69B4BA2A79E741008B24B0 /* designModeUITests */,
				5A69B4902A79E73F008B24B0 /* Products */,
			);
			sourceTree = "<group>";
		};
		5A69B4902A79E73F008B24B0 /* Products */ = {
			isa = PBXGroup;
			children = (
				5A69B48F2A79E73F008B24B0 /* designMode.app */,
				5A69B4AD2A79E741008B24B0 /* designModeTests.xctest */,
				5A69B4B72A79E741008B24B0 /* designModeUITests.xctest */,
			);
			name = Products;
			sourceTree = "<group>";
		};
		5A69B4912A79E73F008B24B0 /* designMode */ = {
			isa = PBXGroup;
			children = (
				5A69B4922A79E73F008B24B0 /* AppDelegate.h */,
				5A69B4932A79E73F008B24B0 /* AppDelegate.m */,
				5A69B4952A79E73F008B24B0 /* SceneDelegate.h */,
				5A69B4962A79E73F008B24B0 /* SceneDelegate.m */,
				5A69B4982A79E73F008B24B0 /* ViewController.h */,
				5A69B4992A79E73F008B24B0 /* ViewController.m */,
				5A410D462A7B452F0083D3E4 /* DelegateViewController.h */,
				5A410D472A7B452F0083D3E4 /* DelegateViewController.m */,
				5A410D4C2A7B45A20083D3E4 /* ProxyViewController.h */,
				5A410D4D2A7B45A20083D3E4 /* ProxyViewController.m */,
				5A69B4D02A7A4E08008B24B0 /* NotificationViewController.h */,
				5A69B4D12A7A4E08008B24B0 /* NotificationViewController.m */,
				5A69B4CD2A7A487F008B24B0 /* Notification.h */,
				5A69B4CE2A7A487F008B24B0 /* Notification.m */,
				5A69B4CA2A79EDE3008B24B0 /* Singlent.h */,
				5A69B4CB2A79EDE3008B24B0 /* Singlent.m */,
				5A69B49B2A79E73F008B24B0 /* Main.storyboard */,
				5A69B4A12A79E740008B24B0 /* Assets.xcassets */,
				5A69B4A32A79E741008B24B0 /* LaunchScreen.storyboard */,
				5A69B4A62A79E741008B24B0 /* Info.plist */,
				5A69B4A72A79E741008B24B0 /* main.m */,
				5A69B49E2A79E73F008B24B0 /* designMode.xcdatamodeld */,
			);
			path = designMode;
			sourceTree = "<group>";
		};
		5A69B4B02A79E741008B24B0 /* designModeTests */ = {
			isa = PBXGroup;
			children = (
				5A69B4B12A79E741008B24B0 /* designModeTests.m */,
			);
			path = designModeTests;
			sourceTree = "<group>";
		};
		5A69B4BA2A79E741008B24B0 /* designModeUITests */ = {
			isa = PBXGroup;
			children = (
				5A69B4BB2A79E741008B24B0 /* designModeUITests.m */,
				5A69B4BD2A79E741008B24B0 /* designModeUITestsLaunchTests.m */,
			);
			path = designModeUITests;
			sourceTree = "<group>";
		};
/* End PBXGroup section */

/* Begin PBXNativeTarget section */
		5A69B48E2A79E73F008B24B0 /* designMode */ = {
			isa = PBXNativeTarget;
			buildConfigurationList = 5A69B4C12A79E741008B24B0 /* Build configuration list for PBXNativeTarget "designMode" */;
			buildPhases = (
				5A69B48B2A79E73F008B24B0 /* Sources */,
				5A69B48C2A79E73F008B24B0 /* Frameworks */,
				5A69B48D2A79E73F008B24B0 /* Resources */,
			);
			buildRules = (
			);
			dependencies = (
			);
			name = designMode;
			productName = designMode;
			productReference = 5A69B48F2A79E73F008B24B0 /* designMode.app */;
			productType = "com.apple.product-type.application";
		};
		5A69B4AC2A79E741008B24B0 /* designModeTests */ = {
			isa = PBXNativeTarget;
			buildConfigurationList = 5A69B4C42A79E741008B24B0 /* Build configuration list for PBXNativeTarget "designModeTests" */;
			buildPhases = (
				5A69B4A92A79E741008B24B0 /* Sources */,
				5A69B4AA2A79E741008B24B0 /* Frameworks */,
				5A69B4AB2A79E741008B24B0 /* Resources */,
			);
			buildRules = (
			);
			dependencies = (
				5A69B4AF2A79E741008B24B0 /* PBXTargetDependency */,
			);
			name = designModeTests;
			productName = designModeTests;
			productReference = 5A69B4AD2A79E741008B24B0 /* designModeTests.xctest */;
			productType = "com.apple.product-type.bundle.unit-test";
		};
		5A69B4B62A79E741008B24B0 /* designModeUITests */ = {
			isa = PBXNativeTarget;
			buildConfigurationList = 5A69B4C72A79E741008B24B0 /* Build configuration list for PBXNativeTarget "designModeUITests" */;
			buildPhases = (
				5A69B4B32A79E741008B24B0 /* Sources */,
				5A69B4B42A79E741008B24B0 /* Frameworks */,
				5A69B4B52A79E741008B24B0 /* Resources */,
			);
			buildRules = (
			);
			dependencies = (
				5A69B4B92A79E741008B24B0 /* PBXTargetDependency */,
			);
			name = designModeUITests;
			productName = designModeUITests;
			productReference = 5A69B4B72A79E741008B24B0 /* designModeUITests.xctest */;
			productType = "com.apple.product-type.bundle.ui-testing";
		};
/* End PBXNativeTarget section */

/* Begin PBXProject section */
		5A69B4872A79E73F008B24B0 /* Project object */ = {
			isa = PBXProject;
			attributes = {
				BuildIndependentTargetsInParallel = 1;
				LastUpgradeCheck = 1420;
				TargetAttributes = {
					5A69B48E2A79E73F008B24B0 = {
						CreatedOnToolsVersion = 14.2;
					};
					5A69B4AC2A79E741008B24B0 = {
						CreatedOnToolsVersion = 14.2;
						TestTargetID = 5A69B48E2A79E73F008B24B0;
					};
					5A69B4B62A79E741008B24B0 = {
						CreatedOnToolsVersion = 14.2;
						TestTargetID = 5A69B48E2A79E73F008B24B0;
					};
				};
			};
			buildConfigurationList = 5A69B48A2A79E73F008B24B0 /* Build configuration list for PBXProject "designMode" */;
			compatibilityVersion = "Xcode 14.0";
			developmentRegion = en;
			hasScannedForEncodings = 0;
			knownRegions = (
				en,
				Base,
			);
			mainGroup = 5A69B4862A79E73F008B24B0;
			productRefGroup = 5A69B4902A79E73F008B24B0 /* Products */;
			projectDirPath = "";
			projectRoot = "";
			targets = (
				5A69B48E2A79E73F008B24B0 /* designMode */,
				5A69B4AC2A79E741008B24B0 /* designModeTests */,
				5A69B4B62A79E741008B24B0 /* designModeUITests */,
			);
		};
/* End PBXProject section */

/* Begin PBXResourcesBuildPhase section */
		5A69B48D2A79E73F008B24B0 /* Resources */ = {
			isa = PBXResourcesBuildPhase;
			buildActionMask = 2147483647;
			files = (
				5A69B4A52A79E741008B24B0 /* LaunchScreen.storyboard in Resources */,
				5A69B4A22A79E740008B24B0 /* Assets.xcassets in Resources */,
				5A69B49D2A79E73F008B24B0 /* Main.storyboard in Resources */,
			);
			runOnlyForDeploymentPostprocessing = 0;
		};
		5A69B4AB2A79E741008B24B0 /* Resources */ = {
			isa = PBXResourcesBuildPhase;
			buildActionMask = 2147483647;
			files = (
			);
			runOnlyForDeploymentPostprocessing = 0;
		};
		5A69B4B52A79E741008B24B0 /* Resources */ = {
			isa = PBXResourcesBuildPhase;
			buildActionMask = 2147483647;
			files = (
			);
			runOnlyForDeploymentPostprocessing = 0;
		};
/* End PBXResourcesBuildPhase section */

/* Begin PBXSourcesBuildPhase section */
		5A69B48B2A79E73F008B24B0 /* Sources */ = {
			isa = PBXSourcesBuildPhase;
			buildActionMask = 2147483647;
			files = (
				5A69B4A82A79E741008B24B0 /* main.m in Sources */,
				5A69B4CF2A7A487F008B24B0 /* Notification.m in Sources */,
				5A69B49A2A79E73F008B24B0 /* ViewController.m in Sources */,
				5A410D4E2A7B45A20083D3E4 /* ProxyViewController.m in Sources */,
				5A69B4942A79E73F008B24B0 /* AppDelegate.m in Sources */,
				5A69B4CC2A79EDE3008B24B0 /* Singlent.m in Sources */,
				5A69B4D22A7A4E08008B24B0 /* NotificationViewController.m in Sources */,
				5A69B4A02A79E73F008B24B0 /* designMode.xcdatamodeld in Sources */,
				5A410D482A7B452F0083D3E4 /* DelegateViewController.m in Sources */,
				5A69B4972A79E73F008B24B0 /* SceneDelegate.m in Sources */,
			);
			runOnlyForDeploymentPostprocessing = 0;
		};
		5A69B4A92A79E741008B24B0 /* Sources */ = {
			isa = PBXSourcesBuildPhase;
			buildActionMask = 2147483647;
			files = (
				5A69B4B22A79E741008B24B0 /* designModeTests.m in Sources */,
			);
			runOnlyForDeploymentPostprocessing = 0;
		};
		5A69B4B32A79E741008B24B0 /* Sources */ = {
			isa = PBXSourcesBuildPhase;
			buildActionMask = 2147483647;
			files = (
				5A69B4BC2A79E741008B24B0 /* designModeUITests.m in Sources */,
				5A69B4BE2A79E741008B24B0 /* designModeUITestsLaunchTests.m in Sources */,
			);
			runOnlyForDeploymentPostprocessing = 0;
		};
/* End PBXSourcesBuildPhase section */

/* Begin PBXTargetDependency section */
		5A69B4AF2A79E741008B24B0 /* PBXTargetDependency */ = {
			isa = PBXTargetDependency;
			target = 5A69B48E2A79E73F008B24B0 /* designMode */;
			targetProxy = 5A69B4AE2A79E741008B24B0 /* PBXContainerItemProxy */;
		};
		5A69B4B92A79E741008B24B0 /* PBXTargetDependency */ = {
			isa = PBXTargetDependency;
			target = 5A69B48E2A79E73F008B24B0 /* designMode */;
			targetProxy = 5A69B4B82A79E741008B24B0 /* PBXContainerItemProxy */;
		};
/* End PBXTargetDependency section */

/* Begin PBXVariantGroup section */
		5A69B49B2A79E73F008B24B0 /* Main.storyboard */ = {
			isa = PBXVariantGroup;
			children = (
				5A69B49C2A79E73F008B24B0 /* Base */,
			);
			name = Main.storyboard;
			sourceTree = "<group>";
		};
		5A69B4A32A79E741008B24B0 /* LaunchScreen.storyboard */ = {
			isa = PBXVariantGroup;
			children = (
				5A69B4A42A79E741008B24B0 /* Base */,
			);
			name = LaunchScreen.storyboard;
			sourceTree = "<group>";
		};
/* End PBXVariantGroup section */

/* Begin XCBuildConfiguration section */
		5A69B4BF2A79E741008B24B0 /* Debug */ = {
			isa = XCBuildConfiguration;
			buildSettings = {
				ALWAYS_SEARCH_USER_PATHS = NO;
				CLANG_ANALYZER_NONNULL = YES;
				CLANG_ANALYZER_NUMBER_OBJECT_CONVERSION = YES_AGGRESSIVE;
				CLANG_CXX_LANGUAGE_STANDARD = "gnu++20";
				CLANG_ENABLE_MODULES = YES;
				CLANG_ENABLE_OBJC_ARC = YES;
				CLANG_ENABLE_OBJC_WEAK = YES;
				CLANG_WARN_BLOCK_CAPTURE_AUTORELEASING = YES;
				CLANG_WARN_BOOL_CONVERSION = YES;
				CLANG_WARN_COMMA = YES;
				CLANG_WARN_CONSTANT_CONVERSION = YES;
				CLANG_WARN_DEPRECATED_OBJC_IMPLEMENTATIONS = YES;
				CLANG_WARN_DIRECT_OBJC_ISA_USAGE = YES_ERROR;
				CLANG_WARN_DOCUMENTATION_COMMENTS = YES;
				CLANG_WARN_EMPTY_BODY = YES;
				CLANG_WARN_ENUM_CONVERSION = YES;
				CLANG_WARN_INFINITE_RECURSION = YES;
				CLANG_WARN_INT_CONVERSION = YES;
				CLANG_WARN_NON_LITERAL_NULL_CONVERSION = YES;
				CLANG_WARN_OBJC_IMPLICIT_RETAIN_SELF = YES;
				CLANG_WARN_OBJC_LITERAL_CONVERSION = YES;
				CLANG_WARN_OBJC_ROOT_CLASS = YES_ERROR;
				CLANG_WARN_QUOTED_INCLUDE_IN_FRAMEWORK_HEADER = YES;
				CLANG_WARN_RANGE_LOOP_ANALYSIS = YES;
				CLANG_WARN_STRICT_PROTOTYPES = YES;
				CLANG_WARN_SUSPICIOUS_MOVE = YES;
				CLANG_WARN_UNGUARDED_AVAILABILITY = YES_AGGRESSIVE;
				CLANG_WARN_UNREACHABLE_CODE = YES;
				CLANG_WARN__DUPLICATE_METHOD_MATCH = YES;
				COPY_PHASE_STRIP = NO;
				DEBUG_INFORMATION_FORMAT = dwarf;
				ENABLE_STRICT_OBJC_MSGSEND = YES;
				ENABLE_TESTABILITY = YES;
				GCC_C_LANGUAGE_STANDARD = gnu11;
				GCC_DYNAMIC_NO_PIC = NO;
				GCC_NO_COMMON_BLOCKS = YES;
				GCC_OPTIMIZATION_LEVEL = 0;
				GCC_PREPROCESSOR_DEFINITIONS = (
					"DEBUG=1",
					"$(inherited)",
				);
				GCC_WARN_64_TO_32_BIT_CONVERSION = YES;
				GCC_WARN_ABOUT_RETURN_TYPE = YES_ERROR;
				GCC_WARN_UNDECLARED_SELECTOR = YES;
				GCC_WARN_UNINITIALIZED_AUTOS = YES_AGGRESSIVE;
				GCC_WARN_UNUSED_FUNCTION = YES;
				GCC_WARN_UNUSED_VARIABLE = YES;
				IPHONEOS_DEPLOYMENT_TARGET = 16.2;
				MTL_ENABLE_DEBUG_INFO = INCLUDE_SOURCE;
				MTL_FAST_MATH = YES;
				ONLY_ACTIVE_ARCH = YES;
				SDKROOT = iphoneos;
			};
			name = Debug;
		};
		5A69B4C02A79E741008B24B0 /* Release */ = {
			isa = XCBuildConfiguration;
			buildSettings = {
				ALWAYS_SEARCH_USER_PATHS = NO;
				CLANG_ANALYZER_NONNULL = YES;
				CLANG_ANALYZER_NUMBER_OBJECT_CONVERSION = YES_AGGRESSIVE;
				CLANG_CXX_LANGUAGE_STANDARD = "gnu++20";
				CLANG_ENABLE_MODULES = YES;
				CLANG_ENABLE_OBJC_ARC = YES;
				CLANG_ENABLE_OBJC_WEAK = YES;
				CLANG_WARN_BLOCK_CAPTURE_AUTORELEASING = YES;
				CLANG_WARN_BOOL_CONVERSION = YES;
				CLANG_WARN_COMMA = YES;
				CLANG_WARN_CONSTANT_CONVERSION = YES;
				CLANG_WARN_DEPRECATED_OBJC_IMPLEMENTATIONS = YES;
				CLANG_WARN_DIRECT_OBJC_ISA_USAGE = YES_ERROR;
				CLANG_WARN_DOCUMENTATION_COMMENTS = YES;
				CLANG_WARN_EMPTY_BODY = YES;
				CLANG_WARN_ENUM_CONVERSION = YES;
				CLANG_WARN_INFINITE_RECURSION = YES;
				CLANG_WARN_INT_CONVERSION = YES;
				CLANG_WARN_NON_LITERAL_NULL_CONVERSION = YES;
				CLANG_WARN_OBJC_IMPLICIT_RETAIN_SELF = YES;
				CLANG_WARN_OBJC_LITERAL_CONVERSION = YES;
				CLANG_WARN_OBJC_ROOT_CLASS = YES_ERROR;
				CLANG_WARN_QUOTED_INCLUDE_IN_FRAMEWORK_HEADER = YES;
				CLANG_WARN_RANGE_LOOP_ANALYSIS = YES;
				CLANG_WARN_STRICT_PROTOTYPES = YES;
				CLANG_WARN_SUSPICIOUS_MOVE = YES;
				CLANG_WARN_UNGUARDED_AVAILABILITY = YES_AGGRESSIVE;
				CLANG_WARN_UNREACHABLE_CODE = YES;
				CLANG_WARN__DUPLICATE_METHOD_MATCH = YES;
				COPY_PHASE_STRIP = NO;
				DEBUG_INFORMATION_FORMAT = "dwarf-with-dsym";
				ENABLE_NS_ASSERTIONS = NO;
				ENABLE_STRICT_OBJC_MSGSEND = YES;
				GCC_C_LANGUAGE_STANDARD = gnu11;
				GCC_NO_COMMON_BLOCKS = YES;
				GCC_WARN_64_TO_32_BIT_CONVERSION = YES;
				GCC_WARN_ABOUT_RETURN_TYPE = YES_ERROR;
				GCC_WARN_UNDECLARED_SELECTOR = YES;
				GCC_WARN_UNINITIALIZED_AUTOS = YES_AGGRESSIVE;
				GCC_WARN_UNUSED_FUNCTION = YES;
				GCC_WARN_UNUSED_VARIABLE = YES;
				IPHONEOS_DEPLOYMENT_TARGET = 16.2;
				MTL_ENABLE_DEBUG_INFO = NO;
				MTL_FAST_MATH = YES;
				SDKROOT = iphoneos;
				VALIDATE_PRODUCT = YES;
			};
			name = Release;
		};
		5A69B4C22A79E741008B24B0 /* Debug */ = {
			isa = XCBuildConfiguration;
			buildSettings = {
				ASSETCATALOG_COMPILER_APPICON_NAME = AppIcon;
				ASSETCATALOG_COMPILER_GLOBAL_ACCENT_COLOR_NAME = AccentColor;
				CODE_SIGN_STYLE = Automatic;
				CURRENT_PROJECT_VERSION = 1;
				DEVELOPMENT_TEAM = 9G62C73G5P;
				GENERATE_INFOPLIST_FILE = YES;
				INFOPLIST_FILE = designMode/Info.plist;
				INFOPLIST_KEY_UIApplicationSupportsIndirectInputEvents = YES;
				INFOPLIST_KEY_UILaunchStoryboardName = LaunchScreen;
				INFOPLIST_KEY_UIMainStoryboardFile = Main;
				INFOPLIST_KEY_UISupportedInterfaceOrientations_iPad = "UIInterfaceOrientationPortrait UIInterfaceOrientationPortraitUpsideDown UIInterfaceOrientationLandscapeLeft UIInterfaceOrientationLandscapeRight";
				INFOPLIST_KEY_UISupportedInterfaceOrientations_iPhone = "UIInterfaceOrientationPortrait UIInterfaceOrientationLandscapeLeft UIInterfaceOrientationLandscapeRight";
				LD_RUNPATH_SEARCH_PATHS = (
					"$(inherited)",
					"@executable_path/Frameworks",
				);
				MARKETING_VERSION = 1.0;
				PRODUCT_BUNDLE_IDENTIFIER = xiyou3G.designMode;
				PRODUCT_NAME = "$(TARGET_NAME)";
				SWIFT_EMIT_LOC_STRINGS = YES;
				TARGETED_DEVICE_FAMILY = "1,2";
			};
			name = Debug;
		};
		5A69B4C32A79E741008B24B0 /* Release */ = {
			isa = XCBuildConfiguration;
			buildSettings = {
				ASSETCATALOG_COMPILER_APPICON_NAME = AppIcon;
				ASSETCATALOG_COMPILER_GLOBAL_ACCENT_COLOR_NAME = AccentColor;
				CODE_SIGN_STYLE = Automatic;
				CURRENT_PROJECT_VERSION = 1;
				DEVELOPMENT_TEAM = 9G62C73G5P;
				GENERATE_INFOPLIST_FILE = YES;
				INFOPLIST_FILE = designMode/Info.plist;
				INFOPLIST_KEY_UIApplicationSupportsIndirectInputEvents = YES;
				INFOPLIST_KEY_UILaunchStoryboardName = LaunchScreen;
				INFOPLIST_KEY_UIMainStoryboardFile = Main;
				INFOPLIST_KEY_UISupportedInterfaceOrientations_iPad = "UIInterfaceOrientationPortrait UIInterfaceOrientationPortraitUpsideDown UIInterfaceOrientationLandscapeLeft UIInterfaceOrientationLandscapeRight";
				INFOPLIST_KEY_UISupportedInterfaceOrientations_iPhone = "UIInterfaceOrientationPortrait UIInterfaceOrientationLandscapeLeft UIInterfaceOrientationLandscapeRight";
				LD_RUNPATH_SEARCH_PATHS = (
					"$(inherited)",
					"@executable_path/Frameworks",
				);
				MARKETING_VERSION = 1.0;
				PRODUCT_BUNDLE_IDENTIFIER = xiyou3G.designMode;
				PRODUCT_NAME = "$(TARGET_NAME)";
				SWIFT_EMIT_LOC_STRINGS = YES;
				TARGETED_DEVICE_FAMILY = "1,2";
			};
			name = Release;
		};
		5A69B4C52A79E741008B24B0 /* Debug */ = {
			isa = XCBuildConfiguration;
			buildSettings = {
				BUNDLE_LOADER = "$(TEST_HOST)";
				CODE_SIGN_STYLE = Automatic;
				CURRENT_PROJECT_VERSION = 1;
				DEVELOPMENT_TEAM = 9G62C73G5P;
				GENERATE_INFOPLIST_FILE = YES;
				IPHONEOS_DEPLOYMENT_TARGET = 16.2;
				MARKETING_VERSION = 1.0;
				PRODUCT_BUNDLE_IDENTIFIER = xiyou3G.designModeTests;
				PRODUCT_NAME = "$(TARGET_NAME)";
				SWIFT_EMIT_LOC_STRINGS = NO;
				TARGETED_DEVICE_FAMILY = "1,2";
				TEST_HOST = "$(BUILT_PRODUCTS_DIR)/designMode.app/$(BUNDLE_EXECUTABLE_FOLDER_PATH)/designMode";
			};
			name = Debug;
		};
		5A69B4C62A79E741008B24B0 /* Release */ = {
			isa = XCBuildConfiguration;
			buildSettings = {
				BUNDLE_LOADER = "$(TEST_HOST)";
				CODE_SIGN_STYLE = Automatic;
				CURRENT_PROJECT_VERSION = 1;
				DEVELOPMENT_TEAM = 9G62C73G5P;
				GENERATE_INFOPLIST_FILE = YES;
				IPHONEOS_DEPLOYMENT_TARGET = 16.2;
				MARKETING_VERSION = 1.0;
				PRODUCT_BUNDLE_IDENTIFIER = xiyou3G.designModeTests;
				PRODUCT_NAME = "$(TARGET_NAME)";
				SWIFT_EMIT_LOC_STRINGS = NO;
				TARGETED_DEVICE_FAMILY = "1,2";
				TEST_HOST = "$(BUILT_PRODUCTS_DIR)/designMode.app/$(BUNDLE_EXECUTABLE_FOLDER_PATH)/designMode";
			};
			name = Release;
		};
		5A69B4C82A79E741008B24B0 /* Debug */ = {
			isa = XCBuildConfiguration;
			buildSettings = {
				CODE_SIGN_STYLE = Automatic;
				CURRENT_PROJECT_VERSION = 1;
				DEVELOPMENT_TEAM = 9G62C73G5P;
				GENERATE_INFOPLIST_FILE = YES;
				MARKETING_VERSION = 1.0;
				PRODUCT_BUNDLE_IDENTIFIER = xiyou3G.designModeUITests;
				PRODUCT_NAME = "$(TARGET_NAME)";
				SWIFT_EMIT_LOC_STRINGS = NO;
				TARGETED_DEVICE_FAMILY = "1,2";
				TEST_TARGET_NAME = designMode;
			};
			name = Debug;
		};
		5A69B4C92A79E741008B24B0 /* Release */ = {
			isa = XCBuildConfiguration;
			buildSettings = {
				CODE_SIGN_STYLE = Automatic;
				CURRENT_PROJECT_VERSION = 1;
				DEVELOPMENT_TEAM = 9G62C73G5P;
				GENERATE_INFOPLIST_FILE = YES;
				MARKETING_VERSION = 1.0;
				PRODUCT_BUNDLE_IDENTIFIER = xiyou3G.designModeUITests;
				PRODUCT_NAME = "$(TARGET_NAME)";
				SWIFT_EMIT_LOC_STRINGS = NO;
				TARGETED_DEVICE_FAMILY = "1,2";
				TEST_TARGET_NAME = designMode;
			};
			name = Release;
		};
/* End XCBuildConfiguration section */

/* Begin XCConfigurationList section */
		5A69B48A2A79E73F008B24B0 /* Build configuration list for PBXProject "designMode" */ = {
			isa = XCConfigurationList;
			buildConfigurations = (
				5A69B4BF2A79E741008B24B0 /* Debug */,
				5A69B4C02A79E741008B24B0 /* Release */,
			);
			defaultConfigurationIsVisible = 0;
			defaultConfigurationName = Release;
		};
		5A69B4C12A79E741008B24B0 /* Build configuration list for PBXNativeTarget "designMode" */ = {
			isa = XCConfigurationList;
			buildConfigurations = (
				5A69B4C22A79E741008B24B0 /* Debug */,
				5A69B4C32A79E741008B24B0 /* Release */,
			);
			defaultConfigurationIsVisible = 0;
			defaultConfigurationName = Release;
		};
		5A69B4C42A79E741008B24B0 /* Build configuration list for PBXNativeTarget "designModeTests" */ = {
			isa = XCConfigurationList;
			buildConfigurations = (
				5A69B4C52A79E741008B24B0 /* Debug */,
				5A69B4C62A79E741008B24B0 /* Release */,
			);
			defaultConfigurationIsVisible = 0;
			defaultConfigurationName = Release;
		};
		5A69B4C72A79E741008B24B0 /* Build configuration list for PBXNativeTarget "designModeUITests" */ = {
			isa = XCConfigurationList;
			buildConfigurations = (
				5A69B4C82A79E741008B24B0 /* Debug */,
				5A69B4C92A79E741008B24B0 /* Release */,
			);
			defaultConfigurationIsVisible = 0;
			defaultConfigurationName = Release;
		};
/* End XCConfigurationList section */

/* Begin XCVersionGroup section */
		5A69B49E2A79E73F008B24B0 /* designMode.xcdatamodeld */ = {
			isa = XCVersionGroup;
			children = (
				5A69B49F2A79E73F008B24B0 /* designMode.xcdatamodel */,
			);
			currentVersion = 5A69B49F2A79E73F008B24B0 /* designMode.xcdatamodel */;
			path = designMode.xcdatamodeld;
			sourceTree = "<group>";
			versionGroupType = wrapper.xcdatamodel;
		};
/* End XCVersionGroup section */
	};
	rootObject = 5A69B4872A79E73F008B24B0 /* Project object */;
}
